
Microsoft Visual Studio Solution File, Format Version 12.00
# Visual Studio Version 16
VisualStudioVersion = 16.0.32901.82
MinimumVisualStudioVersion = 10.0.40219.1
Project("{FAE04EC0-301F-11D3-BF4B-00C04F79EFBC}") = "HatodikHet_CP56PI", "HatodikHet_CP56PI\HatodikHet_CP56PI.csproj", "{F966F406-B989-448A-853B-AC1214F57DB3}"
EndProject
Global
	GlobalSection(SolutionConfigurationPlatforms) = preSolution
		Debug|Any CPU = Debug|Any CPU
		Release|Any CPU = Release|Any CPU
	EndGlobalSection
	GlobalSection(ProjectConfigurationPlatforms) = postSolution
		{F966F406-B989-448A-853B-AC1214F57DB3}.Debug|Any CPU.ActiveCfg = Debug|Any CPU
		{F966F406-B989-448A-853B-AC1214F57DB3}.Debug|Any CPU.Build.0 = Debug|Any CPU
		{F966F406-B989-448A-853B-AC1214F57DB3}.Release|Any CPU.ActiveCfg = Release|Any CPU
		{F966F406-B989-448A-853B-AC1214F57DB3}.Release|Any CPU.Build.0 = Release|Any CPU
	EndGlobalSection
	GlobalSection(SolutionProperties) = preSolution
		HideSolutionNode = FALSE
	EndGlobalSection
	GlobalSection(ExtensibilityGlobals) = postSolution
		SolutionGuid = {D0CAAA42-B9C1-404D-A618-DCCC55787C60}
	EndGlobalSection
EndGlobal
