
Microsoft Visual Studio Solution File, Format Version 12.00
# Visual Studio Version 16
VisualStudioVersion = 16.0.31424.327
MinimumVisualStudioVersion = 10.0.40219.1
Project("{FAE04EC0-301F-11D3-BF4B-00C04F79EFBC}") = "HetedikHet_CP56PI", "HetedikHet_CP56PI\HetedikHet_CP56PI.csproj", "{79D782F4-DF4E-402D-9169-D66E696A76D6}"
EndProject
Global
	GlobalSection(SolutionConfigurationPlatforms) = preSolution
		Debug|Any CPU = Debug|Any CPU
		Release|Any CPU = Release|Any CPU
	EndGlobalSection
	GlobalSection(ProjectConfigurationPlatforms) = postSolution
		{79D782F4-DF4E-402D-9169-D66E696A76D6}.Debug|Any CPU.ActiveCfg = Debug|Any CPU
		{79D782F4-DF4E-402D-9169-D66E696A76D6}.Debug|Any CPU.Build.0 = Debug|Any CPU
		{79D782F4-DF4E-402D-9169-D66E696A76D6}.Release|Any CPU.ActiveCfg = Release|Any CPU
		{79D782F4-DF4E-402D-9169-D66E696A76D6}.Release|Any CPU.Build.0 = Release|Any CPU
	EndGlobalSection
	GlobalSection(SolutionProperties) = preSolution
		HideSolutionNode = FALSE
	EndGlobalSection
	GlobalSection(ExtensibilityGlobals) = postSolution
		SolutionGuid = {09231CFC-B2D0-4551-BB7C-F1DDCDC5C502}
	EndGlobalSection
EndGlobal
